#MicroXplorer Configuration settings - do not modify
Mcu.Family=STM32L4
SH.GPXTI1.0=GPIO_EXTI1
ProjectManager.MainLocation=Src
USB_DEVICE.CLASS_NAME_FS=CDC
PA15\ (JTDI).GPIOParameters=GPIO_Label
RCC.USART1Freq_Value=80000000
PA14\ (JTCK/SWCLK).GPIOParameters=GPIO_Label
RCC.SAI1Freq_Value=13714285.714285715
RCC.CortexFreq_Value=80000000
ProjectManager.KeepUserCode=true
Mcu.UserName=STM32L452CEUx
NVIC.USB_IRQn=true\:0\:0\:false\:false\:true\:false\:true
SPI2.VirtualType=VM_MASTER
PB10.Mode=Asynchronous
VP_ADC1_TempSens_Input.Mode=IN-TempSens
VP_IWDG_VS_IWDG.Mode=IWDG_Activate
RCC.PLLSAI1RoutputFreq_Value=48000000
PA0.GPIO_Label=PWR_BTN
ProjectManager.functionlistsort=1-MX_GPIO_Init-GPIO-false-HAL-true,2-SystemClock_Config-RCC-false-HAL-false,3-MX_ADC1_Init-ADC1-false-HAL-true,4-MX_I2C1_Init-I2C1-false-HAL-true,5-MX_LPUART1_UART_Init-LPUART1-false-HAL-true,6-MX_USART3_UART_Init-USART3-false-HAL-true,7-MX_SPI2_Init-SPI2-false-HAL-true,8-MX_USB_DEVICE_Init-USB_DEVICE-false-HAL-false,9-MX_TIM2_Init-TIM2-false-HAL-true
PA11.Mode=Device
PA3.GPIOParameters=GPIO_Label
PA6.GPIO_Label=BAT_M_EN
PB0.GPIO_Label=CS_FLASH
PB6.GPIO_Label=USB_DEBUG
RCC.USART2Freq_Value=80000000
PA15\ (JTDI).Signal=GPIO_Output
PC13.GPIO_Label=PER_EN
PB11.Signal=USART3_RX
PB3\ (JTDO/TRACESWO).GPIOParameters=GPIO_Label
PB13.Signal=SPI2_SCK
PB15.Signal=SPI2_MOSI
PA2.GPIOParameters=GPIO_Label
PinOutPanel.RotationAngle=0
RCC.MCO1PinFreq_Value=80000000
RCC.SYSCLKSource=RCC_SYSCLKSOURCE_PLLCLK
ProjectManager.StackSize=0x400
SH.GPXTI2.0=GPIO_EXTI2
USART3.VirtualMode-Asynchronous=VM_ASYNC
RCC.I2C3Freq_Value=80000000
RCC.LPTIM1Freq_Value=80000000
Mcu.IP4=NVIC
Mcu.IP5=RCC
RCC.FCLKCortexFreq_Value=80000000
I2C1.IPParameters=Timing
Mcu.IP2=IWDG
NVIC.SVCall_IRQn=true\:0\:0\:false\:false\:true\:false\:false
Mcu.IP3=LPUART1
Mcu.IP0=ADC1
PA14\ (JTCK/SWCLK).Signal=SYS_JTCK-SWCLK
Mcu.IP1=I2C1
PA12.Signal=USB_DP
SH.GPXTI3.ConfNb=1
Mcu.UserConstants=
RCC.VCOSAI1OutputFreq_Value=96000000
Mcu.ThirdPartyNb=0
RCC.HCLKFreq_Value=80000000
RCC.I2C4Freq_Value=80000000
Mcu.IPNb=12
ProjectManager.PreviousToolchain=
RCC.APB2TimFreq_Value=80000000
PB6.Signal=GPIO_Input
PA8.GPIOParameters=GPIO_Label
Mcu.Pin6=PA6
Mcu.Pin7=PA7
VP_TIM2_VS_ClockSourceINT.Signal=TIM2_VS_ClockSourceINT
Mcu.Pin8=PB0
Mcu.Pin9=PB1
RCC.AHBFreq_Value=80000000
PB13.Locked=true
Mcu.Pin0=PC13
Mcu.Pin1=PA0
GPIO.groupedBy=
Mcu.Pin2=PA2
Mcu.Pin3=PA3
RCC.USART3Freq_Value=80000000
Mcu.Pin4=PA4
Mcu.Pin5=PA5
ADC1.Channel-0\#ChannelRegularConversion=ADC_CHANNEL_10
ProjectManager.ProjectBuild=false
RCC.HSE_VALUE=8000000
NVIC.UsageFault_IRQn=true\:0\:0\:false\:false\:true\:false\:false
NVIC.DebugMonitor_IRQn=true\:0\:0\:false\:false\:true\:false\:false
PB2.Signal=GPXTI2
PA8.Locked=true
PA4.Locked=true
Mcu.IP10=USB
NVIC.SysTick_IRQn=true\:0\:0\:false\:false\:true\:false\:true
Mcu.IP11=USB_DEVICE
PB12.GPIO_Label=IMU_INT1
ProjectManager.FirmwarePackage=STM32Cube FW_L4 V1.16.0
VP_ADC1_Vref_Input.Mode=IN-Vrefint
MxDb.Version=DB.6.0.10
PB0.GPIOParameters=GPIO_Label
PA13\ (JTMS/SWDIO).GPIO_Label=SWDIO
ProjectManager.BackupPrevious=false
RCC.VCOInputFreq_Value=4000000
PB14.Mode=Full_Duplex_Master
PB1.GPIO_Label=IMU_INT2
NVIC.TIM2_IRQn=true\:0\:0\:false\:false\:true\:true\:true
File.Version=6
PA0.Mode=SYS_WakeUp0
SPI2.CalculateBaudRate=40.0 MBits/s
PA8.Signal=GPIO_Output
PB8.Locked=true
PA14\ (JTCK/SWCLK).Mode=Serial_Wire
RCC.PLLRCLKFreq_Value=80000000
PB6.Locked=true
NVIC.PendSV_IRQn=true\:0\:0\:false\:false\:true\:false\:false
PB6.GPIOParameters=GPIO_Label
ProjectManager.HalAssertFull=false
PB0.Locked=true
ADC1.SamplingTime-0\#ChannelRegularConversion=ADC_SAMPLETIME_2CYCLES_5
ProjectManager.ProjectName=RingOne
PA0.Signal=SYS_WKUP1
PB4\ (NJTRST).Locked=true
Mcu.Package=UFQFPN48
PB1.Signal=GPXTI1
PA6.Signal=GPIO_Output
PA7.Locked=true
PA5.Locked=true
SPI2.Mode=SPI_MODE_MASTER
ProjectManager.ToolChainLocation=
PA2.GPIO_Label=BL_TX_LP
RCC.LSI_VALUE=32000
SH.GPXTI0.0=GPIO_EXTI0
VP_SYS_VS_Systick.Signal=SYS_VS_Systick
RCC.LSCOPinFreq_Value=32000
USART3.IPParameters=VirtualMode-Asynchronous
PA10.Signal=I2C1_SDA
VP_USB_DEVICE_VS_USB_DEVICE_CDC_FS.Signal=USB_DEVICE_VS_USB_DEVICE_CDC_FS
RCC.DFSDMFreq_Value=80000000
PA5.GPIOParameters=GPIO_Label
SH.ADCx_IN9.0=ADC1_IN9,IN9-Single-Ended
PA14\ (JTCK/SWCLK).GPIO_Label=SWCLK
RCC.PLLPoutputFreq_Value=22857142.85714286
RCC.APB1TimFreq_Value=80000000
NVIC.BusFault_IRQn=true\:0\:0\:false\:false\:true\:false\:false
RCC.LPUART1Freq_Value=80000000
SPI2.Direction=SPI_DIRECTION_2LINES
SH.ADCx_IN9.ConfNb=1
PB13.Mode=Full_Duplex_Master
PB10.GPIOParameters=GPIO_Label
PA4.GPIO_Label=BAT_V_MON
ProjectManager.CustomerFirmwarePackage=
RCC.HSI48_VALUE=48000000
RCC.PLLSAI1N=24
PA3.Signal=LPUART1_RX
PA2.Locked=true
PA6.GPIOParameters=GPIO_Label
PB3\ (JTDO/TRACESWO).GPIO_Label=USB_VALID
RCC.MSI_VALUE=4000000
RCC.PLLQoutputFreq_Value=80000000
ProjectManager.ProjectFileName=RingOne.ioc
PB8.GPIOParameters=GPIO_Label
ADC1.Rank-0\#ChannelRegularConversion=1
PA13\ (JTMS/SWDIO).Mode=Serial_Wire
PA10.Mode=I2C
Mcu.PinsNb=35
ProjectManager.NoMain=false
USB_DEVICE.VirtualModeFS=Cdc_FS
ADC1.IPParameters=Rank-0\#ChannelRegularConversion,Channel-0\#ChannelRegularConversion,SamplingTime-0\#ChannelRegularConversion,OffsetNumber-0\#ChannelRegularConversion,NbrOfConversionFlag,master
PC13.Locked=true
ADC1.OffsetNumber-0\#ChannelRegularConversion=ADC_OFFSET_NONE
PC13.Signal=GPIO_Output
PB11.GPIO_Label=DBG_RX
SH.GPXTI0.ConfNb=1
ProjectManager.DefaultFWLocation=true
USB.IPParameters=low_power_enable
PB12.Locked=true
ProjectManager.DeletePrevious=true
PA13\ (JTMS/SWDIO).GPIOParameters=GPIO_Label
USB_DEVICE.IPParameters=VirtualMode,VirtualModeFS,CLASS_NAME_FS
RCC.FamilyName=M
PA3.Mode=Asynchronous
PB8.GPIO_Label=CHARG_STAT
PB4\ (NJTRST).GPIOParameters=GPIO_Label
PA9.Mode=I2C
PA8.GPIO_Label=CS_IMU
SH.GPXTI2.ConfNb=1
PB11.Mode=Asynchronous
PB3\ (JTDO/TRACESWO).Locked=true
PB3\ (JTDO/TRACESWO).Signal=GPXTI3
ProjectManager.TargetToolchain=Makefile
PB10.GPIO_Label=DBG_TX
VP_USB_DEVICE_VS_USB_DEVICE_CDC_FS.Mode=CDC_FS
PB2.GPIOParameters=GPIO_Label
PA9.Signal=I2C1_SCL
I2C1.Timing=0x10909CEC
PB11.GPIOParameters=GPIO_Label
SPI2.IPParameters=VirtualType,Mode,Direction,CalculateBaudRate
ProjectManager.RegisterCallBack=
RCC.USBFreq_Value=48000000
RCC.LSE_VALUE=32768
RCC.PLLSAI1PoutputFreq_Value=13714285.714285715
PB1.Locked=true
PB10.Signal=USART3_TX
PB14.Signal=SPI2_MISO
PA5.Signal=ADCx_IN10
board=custom
SH.GPXTI3.0=GPIO_EXTI3
RCC.VCOOutputFreq_Value=160000000
ProjectManager.LastFirmware=true
USB.low_power_enable=DISABLE
PB15.Mode=Full_Duplex_Master
RCC.APB2Freq_Value=80000000
RCC.UART4Freq_Value=80000000
MxCube.Version=6.1.1
VP_TIM2_VS_ClockSourceINT.Mode=Internal
RCC.I2C1Freq_Value=80000000
PC13.GPIOParameters=GPIO_Label
RCC.RNGFreq_Value=48000000
SH.ADCx_IN10.ConfNb=1
VP_ADC1_TempSens_Input.Signal=ADC1_TempSens_Input
RCC.PLLSAI1QoutputFreq_Value=48000000
Mcu.Pin30=VP_ADC1_Vref_Input
RCC.ADCFreq_Value=48000000
VP_SYS_VS_Systick.Mode=SysTick
VP_ADC1_Vref_Input.Signal=ADC1_Vref_Input
Mcu.Pin33=VP_TIM2_VS_ClockSourceINT
Mcu.Pin34=VP_USB_DEVICE_VS_USB_DEVICE_CDC_FS
Mcu.Pin31=VP_IWDG_VS_IWDG
Mcu.Pin32=VP_SYS_VS_Systick
NVIC.NonMaskableInt_IRQn=true\:0\:0\:false\:false\:true\:false\:false
PA4.GPIOParameters=GPIO_Label
ProjectManager.FreePins=false
PA15\ (JTDI).GPIO_Label=PWR_OR
RCC.IPParameters=ADCFreq_Value,AHBFreq_Value,APB1Freq_Value,APB1TimFreq_Value,APB2Freq_Value,APB2TimFreq_Value,CortexFreq_Value,DFSDMFreq_Value,FCLKCortexFreq_Value,FamilyName,HCLKFreq_Value,HSE_VALUE,HSI48_VALUE,HSI_VALUE,I2C1Freq_Value,I2C2Freq_Value,I2C3Freq_Value,I2C4Freq_Value,LPTIM1Freq_Value,LPTIM2Freq_Value,LPUART1Freq_Value,LSCOPinFreq_Value,LSE_VALUE,LSI_VALUE,MCO1PinFreq_Value,MSI_VALUE,PLLN,PLLPoutputFreq_Value,PLLQoutputFreq_Value,PLLRCLKFreq_Value,PLLSAI1N,PLLSAI1PoutputFreq_Value,PLLSAI1QoutputFreq_Value,PLLSAI1RoutputFreq_Value,PWRFreq_Value,RNGFreq_Value,SAI1Freq_Value,SYSCLKFreq_VALUE,SYSCLKSource,UART4Freq_Value,USART1Freq_Value,USART2Freq_Value,USART3Freq_Value,USBFreq_Value,VCOInputFreq_Value,VCOOutputFreq_Value,VCOSAI1OutputFreq_Value
IWDG.IPParameters=Prescaler
ProjectManager.AskForMigrate=true
Mcu.Name=STM32L452C(C-E)Ux
RCC.LPTIM2Freq_Value=80000000
Mcu.Pin26=PB4 (NJTRST)
Mcu.Pin27=PB6
PA2.Signal=LPUART1_TX
Mcu.Pin24=PA15 (JTDI)
ProjectManager.UnderRoot=false
Mcu.Pin25=PB3 (JTDO/TRACESWO)
PB2.Locked=true
Mcu.IP8=TIM2
Mcu.IP9=USART3
Mcu.Pin28=PB8
Mcu.IP6=SPI2
Mcu.Pin29=VP_ADC1_TempSens_Input
Mcu.IP7=SYS
ProjectManager.CoupleFile=false
PA4.Signal=ADCx_IN9
RCC.SYSCLKFreq_VALUE=80000000
Mcu.Pin22=PA13 (JTMS/SWDIO)
Mcu.Pin23=PA14 (JTCK/SWCLK)
PA7.GPIO_Label=PWR_MCU
Mcu.Pin20=PA11
ADC1.master=1
PA3.Locked=true
Mcu.Pin21=PA12
PA12.Mode=Device
SH.GPXTI4.0=GPIO_EXTI4
PA5.GPIO_Label=CS_MON
NVIC.ForceEnableDMAVector=true
KeepUserPlacement=false
NVIC.MemoryManagement_IRQn=true\:0\:0\:false\:false\:true\:false\:false
ProjectManager.CompilerOptimize=6
PA11.Signal=USB_DM
VP_IWDG_VS_IWDG.Signal=IWDG_VS_IWDG
SH.ADCx_IN10.0=ADC1_IN10,IN10-Single-Ended
PB2.GPIO_Label=USB_INT
ProjectManager.HeapSize=0x200
PA0.GPIOParameters=GPIO_Label
Mcu.Pin15=PB14
NVIC.HardFault_IRQn=true\:0\:0\:false\:false\:true\:false\:false
Mcu.Pin16=PB15
Mcu.Pin13=PB12
SH.GPXTI4.ConfNb=1
Mcu.Pin14=PB13
Mcu.Pin19=PA10
ProjectManager.ComputerToolchain=false
Mcu.Pin17=PA8
RCC.HSI_VALUE=16000000
Mcu.Pin18=PA9
NVIC.PriorityGroup=NVIC_PRIORITYGROUP_4
ADC1.NbrOfConversionFlag=1
Mcu.Pin11=PB10
Mcu.Pin12=PB11
RCC.PLLN=40
Mcu.Pin10=PB2
IWDG.Prescaler=IWDG_PRESCALER_256
PA2.Mode=Asynchronous
PB8.Signal=GPIO_Input
RCC.PWRFreq_Value=80000000
PB4\ (NJTRST).GPIO_Label=USB_ATTACH
SH.GPXTI1.ConfNb=1
PA15\ (JTDI).Locked=true
RCC.I2C2Freq_Value=80000000
RCC.APB1Freq_Value=80000000
PB0.Signal=GPXTI0
USB_DEVICE.VirtualMode=Cdc
PA7.GPIOParameters=GPIO_Label
ProjectManager.DeviceId=STM32L452CEUx
PB12.GPIOParameters=GPIO_Label
PB12.Signal=GPIO_Output
ProjectManager.LibraryCopy=0
PA13\ (JTMS/SWDIO).Signal=SYS_JTMS-SWDIO
PA3.GPIO_Label=BL_RX_LP
PB1.GPIOParameters=GPIO_Label
PA7.Signal=GPIO_Output
PB4\ (NJTRST).Signal=GPXTI4
PA6.Locked=true
